github.com/dash-xd/github-device-auth v0.0.0-20260812055946-0a46f7c26c9f h1:olSSk773aYwy+/Pe7aqaQQW8cg/Zfs8eUmqFxmskUIU=
github.com/dash-xd/github-device-auth v0.0.0-20260812055946-0a46f7c26c9f/go.mod h1:o+/g/1GegfsjMPZrt8t3viz0WJnlWnZt1e6s9tuvRUM=
github.com/go-chi/chi/v5 v5.3.1 h1:3j4HZLGZQ3JpMCrPJF/Jl3mYJfWLKBfNJ6quurUGCf8=
github.com/go-chi/chi/v5 v5.3.1/go.mod h1:R+tYY2hNuVUUjxoPtqUdgBqevM9s9njzkTLutVsOCto=
